
Microsoft Visual Studio Solution File, Format Version 12.00
# Visual Studio Version 17
VisualStudioVersion = 17.7.34221.43
MinimumVisualStudioVersion = 10.0.40219.1
Project("{FAE04EC0-301F-11D3-BF4B-00C04F79EFBC}") = "Recipes.App", "Recipes.App\Recipes.App.csproj", "{853B8BF2-FC06-4C0F-96AA-ABBD3F98E963}"
EndProject
Project("{FAE04EC0-301F-11D3-BF4B-00C04F79EFBC}") = "Recipes.Shared", "Recipes.Shared\Recipes.Shared.csproj", "{E7F31352-290C-442A-ADC0-F9F44FC77902}"
EndProject
Project("{FAE04EC0-301F-11D3-BF4B-00C04F79EFBC}") = "Recipes.Api", "Recipes.Api\Recipes.Api.csproj", "{02EBE65A-C84A-40FC-B574-C83E4F752653}"
EndProject
Global
	GlobalSection(SolutionConfigurationPlatforms) = preSolution
		Debug|Any CPU = Debug|Any CPU
		Release|Any CPU = Release|Any CPU
	EndGlobalSection
	GlobalSection(ProjectConfigurationPlatforms) = postSolution
		{853B8BF2-FC06-4C0F-96AA-ABBD3F98E963}.Debug|Any CPU.ActiveCfg = Debug|Any CPU
		{853B8BF2-FC06-4C0F-96AA-ABBD3F98E963}.Debug|Any CPU.Build.0 = Debug|Any CPU
		{853B8BF2-FC06-4C0F-96AA-ABBD3F98E963}.Release|Any CPU.ActiveCfg = Release|Any CPU
		{853B8BF2-FC06-4C0F-96AA-ABBD3F98E963}.Release|Any CPU.Build.0 = Release|Any CPU
		{E7F31352-290C-442A-ADC0-F9F44FC77902}.Debug|Any CPU.ActiveCfg = Debug|Any CPU
		{E7F31352-290C-442A-ADC0-F9F44FC77902}.Debug|Any CPU.Build.0 = Debug|Any CPU
		{E7F31352-290C-442A-ADC0-F9F44FC77902}.Release|Any CPU.ActiveCfg = Release|Any CPU
		{E7F31352-290C-442A-ADC0-F9F44FC77902}.Release|Any CPU.Build.0 = Release|Any CPU
		{02EBE65A-C84A-40FC-B574-C83E4F752653}.Debug|Any CPU.ActiveCfg = Debug|Any CPU
		{02EBE65A-C84A-40FC-B574-C83E4F752653}.Debug|Any CPU.Build.0 = Debug|Any CPU
		{02EBE65A-C84A-40FC-B574-C83E4F752653}.Release|Any CPU.ActiveCfg = Release|Any CPU
		{02EBE65A-C84A-40FC-B574-C83E4F752653}.Release|Any CPU.Build.0 = Release|Any CPU
	EndGlobalSection
	GlobalSection(SolutionProperties) = preSolution
		HideSolutionNode = FALSE
	EndGlobalSection
	GlobalSection(ExtensibilityGlobals) = postSolution
		SolutionGuid = {5B438F06-0161-4506-AEEB-50BB8C9B762D}
	EndGlobalSection
EndGlobal
